
Microsoft Visual Studio Solution File, Format Version 12.00
# Visual Studio Version 16
VisualStudioVersion = 16.0.31229.75
MinimumVisualStudioVersion = 10.0.40219.1
Project("{F14B399A-7131-4C87-9E4B-1186C45EF12D}") = "Employee Anniversaries", "Employee Anniversaries.rptproj", "{E2F37D1E-4087-4FB8-AE4E-C3D7DE6E71BC}"
EndProject
Global
	GlobalSection(SolutionConfigurationPlatforms) = preSolution
		Debug|Default = Debug|Default
		DebugLocal|Default = DebugLocal|Default
		Release|Default = Release|Default
	EndGlobalSection
	GlobalSection(ProjectConfigurationPlatforms) = postSolution
		{E2F37D1E-4087-4FB8-AE4E-C3D7DE6E71BC}.Debug|Default.ActiveCfg = Debug
		{E2F37D1E-4087-4FB8-AE4E-C3D7DE6E71BC}.Debug|Default.Build.0 = Debug
		{E2F37D1E-4087-4FB8-AE4E-C3D7DE6E71BC}.Debug|Default.Deploy.0 = Debug
		{E2F37D1E-4087-4FB8-AE4E-C3D7DE6E71BC}.DebugLocal|Default.ActiveCfg = DebugLocal
		{E2F37D1E-4087-4FB8-AE4E-C3D7DE6E71BC}.DebugLocal|Default.Build.0 = DebugLocal
		{E2F37D1E-4087-4FB8-AE4E-C3D7DE6E71BC}.Release|Default.ActiveCfg = Release
		{E2F37D1E-4087-4FB8-AE4E-C3D7DE6E71BC}.Release|Default.Build.0 = Release
		{E2F37D1E-4087-4FB8-AE4E-C3D7DE6E71BC}.Release|Default.Deploy.0 = Release
	EndGlobalSection
	GlobalSection(SolutionProperties) = preSolution
		HideSolutionNode = FALSE
	EndGlobalSection
	GlobalSection(ExtensibilityGlobals) = postSolution
		SolutionGuid = {32F401A0-AB79-4FB1-BF6E-CCB73F7D0104}
	EndGlobalSection
EndGlobal
