
Microsoft Visual Studio Solution File, Format Version 12.00
# Visual Studio Version 16
VisualStudioVersion = 16.0.31229.75
MinimumVisualStudioVersion = 10.0.40219.1
Project("{F14B399A-7131-4C87-9E4B-1186C45EF12D}") = "PurchaseOrders", "PurchaseOrders.rptproj", "{519C82E8-4C46-4B5F-8FA2-8D7E652D6F20}"
EndProject
Global
	GlobalSection(SolutionConfigurationPlatforms) = preSolution
		Debug|Default = Debug|Default
		DebugLocal|Default = DebugLocal|Default
		Release|Default = Release|Default
	EndGlobalSection
	GlobalSection(ProjectConfigurationPlatforms) = postSolution
		{519C82E8-4C46-4B5F-8FA2-8D7E652D6F20}.Debug|Default.ActiveCfg = Debug
		{519C82E8-4C46-4B5F-8FA2-8D7E652D6F20}.Debug|Default.Build.0 = Debug
		{519C82E8-4C46-4B5F-8FA2-8D7E652D6F20}.Debug|Default.Deploy.0 = Debug
		{519C82E8-4C46-4B5F-8FA2-8D7E652D6F20}.DebugLocal|Default.ActiveCfg = DebugLocal
		{519C82E8-4C46-4B5F-8FA2-8D7E652D6F20}.DebugLocal|Default.Build.0 = DebugLocal
		{519C82E8-4C46-4B5F-8FA2-8D7E652D6F20}.Release|Default.ActiveCfg = Release
		{519C82E8-4C46-4B5F-8FA2-8D7E652D6F20}.Release|Default.Build.0 = Release
		{519C82E8-4C46-4B5F-8FA2-8D7E652D6F20}.Release|Default.Deploy.0 = Release
	EndGlobalSection
	GlobalSection(SolutionProperties) = preSolution
		HideSolutionNode = FALSE
	EndGlobalSection
	GlobalSection(ExtensibilityGlobals) = postSolution
		SolutionGuid = {7020F308-A921-4AAB-835A-349B43275C40}
	EndGlobalSection
EndGlobal
